
Microsoft Visual Studio Solution File, Format Version 12.00
# Visual Studio Version 17
VisualStudioVersion = 17.0.32112.339
MinimumVisualStudioVersion = 10.0.40219.1
Project("{FAE04EC0-301F-11D3-BF4B-00C04F79EFBC}") = "new_Theatre", "new_Theatre\new_Theatre.csproj", "{03AA6352-CA22-4F19-A186-1B0980F917D9}"
EndProject
Project("{FAE04EC0-301F-11D3-BF4B-00C04F79EFBC}") = "TheatreTest", "TheatreTest\TheatreTest.csproj", "{C1EE6E4C-3DFC-4C92-976E-FACD492079BD}"
EndProject
Global
	GlobalSection(SolutionConfigurationPlatforms) = preSolution
		Debug|Any CPU = Debug|Any CPU
		Release|Any CPU = Release|Any CPU
	EndGlobalSection
	GlobalSection(ProjectConfigurationPlatforms) = postSolution
		{03AA6352-CA22-4F19-A186-1B0980F917D9}.Debug|Any CPU.ActiveCfg = Debug|Any CPU
		{03AA6352-CA22-4F19-A186-1B0980F917D9}.Debug|Any CPU.Build.0 = Debug|Any CPU
		{03AA6352-CA22-4F19-A186-1B0980F917D9}.Release|Any CPU.ActiveCfg = Release|Any CPU
		{03AA6352-CA22-4F19-A186-1B0980F917D9}.Release|Any CPU.Build.0 = Release|Any CPU
		{C1EE6E4C-3DFC-4C92-976E-FACD492079BD}.Debug|Any CPU.ActiveCfg = Debug|Any CPU
		{C1EE6E4C-3DFC-4C92-976E-FACD492079BD}.Debug|Any CPU.Build.0 = Debug|Any CPU
		{C1EE6E4C-3DFC-4C92-976E-FACD492079BD}.Release|Any CPU.ActiveCfg = Release|Any CPU
		{C1EE6E4C-3DFC-4C92-976E-FACD492079BD}.Release|Any CPU.Build.0 = Release|Any CPU
	EndGlobalSection
	GlobalSection(SolutionProperties) = preSolution
		HideSolutionNode = FALSE
	EndGlobalSection
	GlobalSection(ExtensibilityGlobals) = postSolution
		SolutionGuid = {EAFAFE8F-E5A5-439E-90AB-9240592BA7CF}
	EndGlobalSection
EndGlobal
